lockfileVersion: 5.4

specifiers:
  '@alloc/prettier-config': ^1.0.0
  '@types/glob': ^8.0.0
  '@types/html-minifier-terser': ^7.0.0
  '@types/parse5': ^7.0.0
  '@web/parse5-utils': ^1.3.0
  browserslist: ^4.21.5
  browserslist-to-esbuild: ^1.2.0
  chokidar: ^3.5.3
  critters: ^0.0.16
  esbuild: ^0.17.3
  glob: ^8.1.0
  html-minifier-terser: ^7.1.0
  lightningcss: ^1.19.0
  parse5: ^7.1.2
  prettier: ^2.8.4
  typescript: ^4.9.4

dependencies:
  '@web/parse5-utils': 1.3.0
  browserslist: 4.21.5
  browserslist-to-esbuild: 1.2.0
  chokidar: 3.5.3
  critters: 0.0.16
  esbuild: 0.17.10
  glob: 8.1.0
  html-minifier-terser: 7.1.0
  lightningcss: 1.19.0
  parse5: 7.1.2

devDependencies:
  '@alloc/prettier-config': 1.0.0
  '@types/glob': 8.0.1
  '@types/html-minifier-terser': 7.0.0
  '@types/parse5': 7.0.0
  prettier: 2.8.4
  typescript: 4.9.5

packages:

  /@alloc/prettier-config/1.0.0:
    resolution: {integrity: sha512-xm50V1qxSdTh1O1fKA+gqcU605YSnxfq6HwtYSFU3fRsKMFnUSuSOxqSAPI7y2sRxqPed2EIuGmNn107LVQM6g==}
    dev: true

  /@esbuild/android-arm/0.17.10:
    resolution: {integrity: sha512-7YEBfZ5lSem9Tqpsz+tjbdsEshlO9j/REJrfv4DXgKTt1+/MHqGwbtlyxQuaSlMeUZLxUKBaX8wdzlTfHkmnLw==}
    engines: {node: '>=12'}
    cpu: [arm]
    os: [android]
    requiresBuild: true
    dev: false
    optional: true

  /@esbuild/android-arm64/0.17.10:
    resolution: {integrity: sha512-ht1P9CmvrPF5yKDtyC+z43RczVs4rrHpRqrmIuoSvSdn44Fs1n6DGlpZKdK6rM83pFLbVaSUwle8IN+TPmkv7g==}
    engines: {node: '>=12'}
    cpu: [arm64]
    os: [android]
    requiresBuild: true
    dev: false
    optional: true

  /@esbuild/android-x64/0.17.10:
    resolution: {integrity: sha512-CYzrm+hTiY5QICji64aJ/xKdN70IK8XZ6iiyq0tZkd3tfnwwSWTYH1t3m6zyaaBxkuj40kxgMyj1km/NqdjQZA==}
    engines: {node: '>=12'}
    cpu: [x64]
    os: [android]
    requiresBuild: true
    dev: false
    optional: true

  /@esbuild/darwin-arm64/0.17.10:
    resolution: {integrity: sha512-3HaGIowI+nMZlopqyW6+jxYr01KvNaLB5znXfbyyjuo4lE0VZfvFGcguIJapQeQMS4cX/NEispwOekJt3gr5Dg==}
    engines: {node: '>=12'}
    cpu: [arm64]
    os: [darwin]
    requiresBuild: true
    dev: false
    optional: true

  /@esbuild/darwin-x64/0.17.10:
    resolution: {integrity: sha512-J4MJzGchuCRG5n+B4EHpAMoJmBeAE1L3wGYDIN5oWNqX0tEr7VKOzw0ymSwpoeSpdCa030lagGUfnfhS7OvzrQ==}
    engines: {node: '>=12'}
    cpu: [x64]
    os: [darwin]
    requiresBuild: true
    dev: false
    optional: true

  /@esbuild/freebsd-arm64/0.17.10:
    resolution: {integrity: sha512-ZkX40Z7qCbugeK4U5/gbzna/UQkM9d9LNV+Fro8r7HA7sRof5Rwxc46SsqeMvB5ZaR0b1/ITQ/8Y1NmV2F0fXQ==}
    engines: {node: '>=12'}
    cpu: [arm64]
    os: [freebsd]
    requiresBuild: true
    dev: false
    optional: true

  /@esbuild/freebsd-x64/0.17.10:
    resolution: {integrity: sha512-0m0YX1IWSLG9hWh7tZa3kdAugFbZFFx9XrvfpaCMMvrswSTvUZypp0NFKriUurHpBA3xsHVE9Qb/0u2Bbi/otg==}
    engines: {node: '>=12'}
    cpu: [x64]
    os: [freebsd]
    requiresBuild: true
    dev: false
    optional: true

  /@esbuild/linux-arm/0.17.10:
    resolution: {integrity: sha512-whRdrrl0X+9D6o5f0sTZtDM9s86Xt4wk1bf7ltx6iQqrIIOH+sre1yjpcCdrVXntQPCNw/G+XqsD4HuxeS+2QA==}
    engines: {node: '>=12'}
    cpu: [arm]
    os: [linux]
    requiresBuild: true
    dev: false
    optional: true

  /@esbuild/linux-arm64/0.17.10:
    resolution: {integrity: sha512-g1EZJR1/c+MmCgVwpdZdKi4QAJ8DCLP5uTgLWSAVd9wlqk9GMscaNMEViG3aE1wS+cNMzXXgdWiW/VX4J+5nTA==}
    engines: {node: '>=12'}
    cpu: [arm64]
    os: [linux]
    requiresBuild: true
    dev: false
    optional: true

  /@esbuild/linux-ia32/0.17.10:
    resolution: {integrity: sha512-1vKYCjfv/bEwxngHERp7huYfJ4jJzldfxyfaF7hc3216xiDA62xbXJfRlradiMhGZbdNLj2WA1YwYFzs9IWNPw==}
    engines: {node: '>=12'}
    cpu: [ia32]
    os: [linux]
    requiresBuild: true
    dev: false
    optional: true

  /@esbuild/linux-loong64/0.17.10:
    resolution: {integrity: sha512-mvwAr75q3Fgc/qz3K6sya3gBmJIYZCgcJ0s7XshpoqIAIBszzfXsqhpRrRdVFAyV1G9VUjj7VopL2HnAS8aHFA==}
    engines: {node: '>=12'}
    cpu: [loong64]
    os: [linux]
    requiresBuild: true
    dev: false
    optional: true

  /@esbuild/linux-mips64el/0.17.10:
    resolution: {integrity: sha512-XilKPgM2u1zR1YuvCsFQWl9Fc35BqSqktooumOY2zj7CSn5czJn279j9TE1JEqSqz88izJo7yE4x3LSf7oxHzg==}
    engines: {node: '>=12'}
    cpu: [mips64el]
    os: [linux]
    requiresBuild: true
    dev: false
    optional: true

  /@esbuild/linux-ppc64/0.17.10:
    resolution: {integrity: sha512-kM4Rmh9l670SwjlGkIe7pYWezk8uxKHX4Lnn5jBZYBNlWpKMBCVfpAgAJqp5doLobhzF3l64VZVrmGeZ8+uKmQ==}
    engines: {node: '>=12'}
    cpu: [ppc64]
    os: [linux]
    requiresBuild: true
    dev: false
    optional: true

  /@esbuild/linux-riscv64/0.17.10:
    resolution: {integrity: sha512-r1m9ZMNJBtOvYYGQVXKy+WvWd0BPvSxMsVq8Hp4GzdMBQvfZRvRr5TtX/1RdN6Va8JMVQGpxqde3O+e8+khNJQ==}
    engines: {node: '>=12'}
    cpu: [riscv64]
    os: [linux]
    requiresBuild: true
    dev: false
    optional: true

  /@esbuild/linux-s390x/0.17.10:
    resolution: {integrity: sha512-LsY7QvOLPw9WRJ+fU5pNB3qrSfA00u32ND5JVDrn/xG5hIQo3kvTxSlWFRP0NJ0+n6HmhPGG0Q4jtQsb6PFoyg==}
    engines: {node: '>=12'}
    cpu: [s390x]
    os: [linux]
    requiresBuild: true
    dev: false
    optional: true

  /@esbuild/linux-x64/0.17.10:
    resolution: {integrity: sha512-zJUfJLebCYzBdIz/Z9vqwFjIA7iSlLCFvVi7glMgnu2MK7XYigwsonXshy9wP9S7szF+nmwrelNaP3WGanstEg==}
    engines: {node: '>=12'}
    cpu: [x64]
    os: [linux]
    requiresBuild: true
    dev: false
    optional: true

  /@esbuild/netbsd-x64/0.17.10:
    resolution: {integrity: sha512-lOMkailn4Ok9Vbp/q7uJfgicpDTbZFlXlnKT2DqC8uBijmm5oGtXAJy2ZZVo5hX7IOVXikV9LpCMj2U8cTguWA==}
    engines: {node: '>=12'}
    cpu: [x64]
    os: [netbsd]
    requiresBuild: true
    dev: false
    optional: true

  /@esbuild/openbsd-x64/0.17.10:
    resolution: {integrity: sha512-/VE0Kx6y7eekqZ+ZLU4AjMlB80ov9tEz4H067Y0STwnGOYL8CsNg4J+cCmBznk1tMpxMoUOf0AbWlb1d2Pkbig==}
    engines: {node: '>=12'}
    cpu: [x64]
    os: [openbsd]
    requiresBuild: true
    dev: false
    optional: true

  /@esbuild/sunos-x64/0.17.10:
    resolution: {integrity: sha512-ERNO0838OUm8HfUjjsEs71cLjLMu/xt6bhOlxcJ0/1MG3hNqCmbWaS+w/8nFLa0DDjbwZQuGKVtCUJliLmbVgg==}
    engines: {node: '>=12'}
    cpu: [x64]
    os: [sunos]
    requiresBuild: true
    dev: false
    optional: true

  /@esbuild/win32-arm64/0.17.10:
    resolution: {integrity: sha512-fXv+L+Bw2AeK+XJHwDAQ9m3NRlNemG6Z6ijLwJAAVdu4cyoFbBWbEtyZzDeL+rpG2lWI51cXeMt70HA8g2MqIg==}
    engines: {node: '>=12'}
    cpu: [arm64]
    os: [win32]
    requiresBuild: true
    dev: false
    optional: true

  /@esbuild/win32-ia32/0.17.10:
    resolution: {integrity: sha512-3s+HADrOdCdGOi5lnh5DMQEzgbsFsd4w57L/eLKKjMnN0CN4AIEP0DCP3F3N14xnxh3ruNc32A0Na9zYe1Z/AQ==}
    engines: {node: '>=12'}
    cpu: [ia32]
    os: [win32]
    requiresBuild: true
    dev: false
    optional: true

  /@esbuild/win32-x64/0.17.10:
    resolution: {integrity: sha512-oP+zFUjYNaMNmjTwlFtWep85hvwUu19cZklB3QsBOcZSs6y7hmH4LNCJ7075bsqzYaNvZFXJlAVaQ2ApITDXtw==}
    engines: {node: '>=12'}
    cpu: [x64]
    os: [win32]
    requiresBuild: true
    dev: false
    optional: true

  /@jridgewell/gen-mapping/0.3.2:
    resolution: {integrity: sha512-mh65xKQAzI6iBcFzwv28KVWSmCkdRBWoOh+bYQGW3+6OZvbbN3TqMGo5hqYxQniRcH9F2VZIoJCm4pa3BPDK/A==}
    engines: {node: '>=6.0.0'}
    dependencies:
      '@jridgewell/set-array': 1.1.2
      '@jridgewell/sourcemap-codec': 1.4.14
      '@jridgewell/trace-mapping': 0.3.17
    dev: false

  /@jridgewell/resolve-uri/3.1.0:
    resolution: {integrity: sha512-F2msla3tad+Mfht5cJq7LSXcdudKTWCVYUgw6pLFOOHSTtZlj6SWNYAp+AhuqLmWdBO2X5hPrLcu8cVP8fy28w==}
    engines: {node: '>=6.0.0'}
    dev: false

  /@jridgewell/set-array/1.1.2:
    resolution: {integrity: sha512-xnkseuNADM0gt2bs+BvhO0p78Mk762YnZdsuzFV018NoG1Sj1SCQvpSqa7XUaTam5vAGasABV9qXASMKnFMwMw==}
    engines: {node: '>=6.0.0'}
    dev: false

  /@jridgewell/source-map/0.3.2:
    resolution: {integrity: sha512-m7O9o2uR8k2ObDysZYzdfhb08VuEml5oWGiosa1VdaPZ/A6QyPkAJuwN0Q1lhULOf6B7MtQmHENS743hWtCrgw==}
    dependencies:
      '@jridgewell/gen-mapping': 0.3.2
      '@jridgewell/trace-mapping': 0.3.17
    dev: false

  /@jridgewell/sourcemap-codec/1.4.14:
    resolution: {integrity: sha512-XPSJHWmi394fuUuzDnGz1wiKqWfo1yXecHQMRf2l6hztTO+nPru658AyDngaBe7isIxEkRsPR3FZh+s7iVa4Uw==}
    dev: false

  /@jridgewell/trace-mapping/0.3.17:
    resolution: {integrity: sha512-MCNzAp77qzKca9+W/+I0+sEpaUnZoeasnghNeVc41VZCEKaCH73Vq3BZZ/SzWIgrqE4H4ceI+p+b6C0mHf9T4g==}
    dependencies:
      '@jridgewell/resolve-uri': 3.1.0
      '@jridgewell/sourcemap-codec': 1.4.14
    dev: false

  /@types/glob/8.0.1:
    resolution: {integrity: sha512-8bVUjXZvJacUFkJXHdyZ9iH1Eaj5V7I8c4NdH5sQJsdXkqT4CA5Dhb4yb4VE/3asyx4L9ayZr1NIhTsWHczmMw==}
    dependencies:
      '@types/minimatch': 5.1.2
      '@types/node': 18.14.0
    dev: true

  /@types/html-minifier-terser/7.0.0:
    resolution: {integrity: sha512-hw3bhStrg5e3FQT8qZKCJTrzt/UbEaunU1xRWJ+aNOTmeBMvE3S4Ml2HiiNnZgL8izu0LFVkHUoPFXL1s5QNpQ==}
    dev: true

  /@types/minimatch/5.1.2:
    resolution: {integrity: sha512-K0VQKziLUWkVKiRVrx4a40iPaxTUefQmjtkQofBkYRcoaaL/8rhwDWww9qWbrgicNOgnpIsMxyNIUM4+n6dUIA==}
    dev: true

  /@types/node/18.14.0:
    resolution: {integrity: sha512-5EWrvLmglK+imbCJY0+INViFWUHg1AHel1sq4ZVSfdcNqGy9Edv3UB9IIzzg+xPaUcAgZYcfVs2fBcwDeZzU0A==}
    dev: true

  /@types/parse5/6.0.3:
    resolution: {integrity: sha512-SuT16Q1K51EAVPz1K29DJ/sXjhSQ0zjvsypYJ6tlwVsRV9jwW5Adq2ch8Dq8kDBCkYnELS7N7VNCSB5nC56t/g==}
    dev: false

  /@types/parse5/7.0.0:
    resolution: {integrity: sha512-f2SeAxumolBmhuR62vNGTsSAvdz/Oj0k682xNrcKJ4dmRnTPODB74j6CPoNPzBPTHsu7Y7W7u93Mgp8Ovo8vWw==}
    deprecated: This is a stub types definition. parse5 provides its own type definitions, so you do not need this installed.
    dependencies:
      parse5: 7.1.2
    dev: true

  /@web/parse5-utils/1.3.0:
    resolution: {integrity: sha512-Pgkx3ECc8EgXSlS5EyrgzSOoUbM6P8OKS471HLAyvOBcP1NCBn0to4RN/OaKASGq8qa3j+lPX9H14uA5AHEnQg==}
    engines: {node: '>=10.0.0'}
    dependencies:
      '@types/parse5': 6.0.3
      parse5: 6.0.1
    dev: false

  /acorn/8.8.2:
    resolution: {integrity: sha512-xjIYgE8HBrkpd/sJqOGNspf8uHG+NOHGOw6a/Urj8taM2EXfdNAH2oFcPeIFfsv3+kz/mJrS5VuMqbNLjCa2vw==}
    engines: {node: '>=0.4.0'}
    hasBin: true
    dev: false

  /ansi-styles/4.3.0:
    resolution: {integrity: sha512-zbB9rCJAT1rbjiVDb2hqKFHNYLxgtk8NURxZ3IZwD3F6NtxbXZQCnnSi1Lkx+IDohdPlFp222wVALIheZJQSEg==}
    engines: {node: '>=8'}
    dependencies:
      color-convert: 2.0.1
    dev: false

  /anymatch/3.1.3:
    resolution: {integrity: sha512-KMReFUr0B4t+D+OBkjR3KYqvocp2XaSzO55UcB6mgQMd3KbcE+mWTyvVV7D/zsdEbNnV6acZUutkiHQXvTr1Rw==}
    engines: {node: '>= 8'}
    dependencies:
      normalize-path: 3.0.0
      picomatch: 2.3.1
    dev: false

  /balanced-match/1.0.2:
    resolution: {integrity: sha512-3oSeUO0TMV67hN1AmbXsK4yaqU7tjiHlbxRDZOpH0KW9+CeX4bRAaX0Anxt0tx2MrpRpWwQaPwIlISEJhYU5Pw==}
    dev: false

  /binary-extensions/2.2.0:
    resolution: {integrity: sha512-jDctJ/IVQbZoJykoeHbhXpOlNBqGNcwXJKJog42E5HDPUwQTSdjCHdihjj0DlnheQ7blbT6dHOafNAiS8ooQKA==}
    engines: {node: '>=8'}
    dev: false

  /boolbase/1.0.0:
    resolution: {integrity: sha512-JZOSA7Mo9sNGB8+UjSgzdLtokWAky1zbztM3WRLCbZ70/3cTANmQmOdR7y2g+J0e2WXywy1yS468tY+IruqEww==}
    dev: false

  /brace-expansion/2.0.1:
    resolution: {integrity: sha512-XnAIvQ8eM+kC6aULx6wuQiwVsnzsi9d3WxzV3FpWTGA19F621kwdbsAcFKXgKUHZWsy+mY6iL1sHTxWEFCytDA==}
    dependencies:
      balanced-match: 1.0.2
    dev: false

  /braces/3.0.2:
    resolution: {integrity: sha512-b8um+L1RzM3WDSzvhm6gIz1yfTbBt6YTlcEKAvsmqCZZFw46z626lVj9j1yEPW33H5H+lBQpZMP1k8l+78Ha0A==}
    engines: {node: '>=8'}
    dependencies:
      fill-range: 7.0.1
    dev: false

  /browserslist-to-esbuild/1.2.0:
    resolution: {integrity: sha512-ftrrbI/VHBgEnmnSyhkqvQVMp6jAKybfs0qMIlm7SLBrQTGMsdCIP4q3BoKeLsZTBQllIQtY9kbxgRYV2WU47g==}
    engines: {node: '>=12'}
    dependencies:
      browserslist: 4.21.5
    dev: false

  /browserslist/4.21.5:
    resolution: {integrity: sha512-tUkiguQGW7S3IhB7N+c2MV/HZPSCPAAiYBZXLsBhFB/PCy6ZKKsZrmBayHV9fdGV/ARIfJ14NkxKzRDjvp7L6w==}
    engines: {node: ^6 || ^7 || ^8 || ^9 || ^10 || ^11 || ^12 || >=13.7}
    hasBin: true
    dependencies:
      caniuse-lite: 1.0.30001457
      electron-to-chromium: 1.4.305
      node-releases: 2.0.10
      update-browserslist-db: 1.0.10_browserslist@4.21.5
    dev: false

  /buffer-from/1.1.2:
    resolution: {integrity: sha512-E+XQCRwSbaaiChtv6k6Dwgc+bx+Bs6vuKJHHl5kox/BaKbhiXzqQOwK4cO22yElGp2OCmjwVhT3HmxgyPGnJfQ==}
    dev: false

  /camel-case/4.1.2:
    resolution: {integrity: sha512-gxGWBrTT1JuMx6R+o5PTXMmUnhnVzLQ9SNutD4YqKtI6ap897t3tKECYla6gCWEkplXnlNybEkZg9GEGxKFCgw==}
    dependencies:
      pascal-case: 3.1.2
      tslib: 2.5.0
    dev: false

  /caniuse-lite/1.0.30001457:
    resolution: {integrity: sha512-SDIV6bgE1aVbK6XyxdURbUE89zY7+k1BBBaOwYwkNCglXlel/E7mELiHC64HQ+W0xSKlqWhV9Wh7iHxUjMs4fA==}
    dev: false

  /chalk/4.1.2:
    resolution: {integrity: sha512-oKnbhFyRIXpUuez8iBMmyEa4nbj4IOQyuhc/wy9kY7/WVPcwIO9VA668Pu8RkO7+0G76SLROeyw9CpQ061i4mA==}
    engines: {node: '>=10'}
    dependencies:
      ansi-styles: 4.3.0
      supports-color: 7.2.0
    dev: false

  /chokidar/3.5.3:
    resolution: {integrity: sha512-Dr3sfKRP6oTcjf2JmUmFJfeVMvXBdegxB0iVQ5eb2V10uFJUCAS8OByZdVAyVb8xXNz3GjjTgj9kLWsZTqE6kw==}
    engines: {node: '>= 8.10.0'}
    dependencies:
      anymatch: 3.1.3
      braces: 3.0.2
      glob-parent: 5.1.2
      is-binary-path: 2.1.0
      is-glob: 4.0.3
      normalize-path: 3.0.0
      readdirp: 3.6.0
    optionalDependencies:
      fsevents: 2.3.2
    dev: false

  /clean-css/5.2.0:
    resolution: {integrity: sha512-2639sWGa43EMmG7fn8mdVuBSs6HuWaSor+ZPoFWzenBc6oN+td8YhTfghWXZ25G1NiiSvz8bOFBS7PdSbTiqEA==}
    engines: {node: '>= 10.0'}
    dependencies:
      source-map: 0.6.1
    dev: false

  /color-convert/2.0.1:
    resolution: {integrity: sha512-RRECPsj7iu/xb5oKYcsFHSppFNnsj/52OVTRKb4zP5onXwVF3zVmmToNcOfGC+CRDpfK/U584fMg38ZHCaElKQ==}
    engines: {node: '>=7.0.0'}
    dependencies:
      color-name: 1.1.4
    dev: false

  /color-name/1.1.4:
    resolution: {integrity: sha512-dOy+3AuW3a2wNbZHIuMZpTcgjGuLU/uBL/ubcZF9OXbDo8ff4O8yVp5Bf0efS8uEoYo5q4Fx7dY9OgQGXgAsQA==}
    dev: false

  /commander/2.20.3:
    resolution: {integrity: sha512-GpVkmM8vF2vQUkj2LvZmD35JxeJOLCwJ9cUkugyk2nuhbv3+mJvpLYYt+0+USMxE+oj+ey/lJEnhZw75x/OMcQ==}
    dev: false

  /commander/9.5.0:
    resolution: {integrity: sha512-KRs7WVDKg86PWiuAqhDrAQnTXZKraVcCc6vFdL14qrZ/DcWwuRo7VoiYXalXO7S5GKpqYiVEwCbgFDfxNHKJBQ==}
    engines: {node: ^12.20.0 || >=14}
    dev: false

  /critters/0.0.16:
    resolution: {integrity: sha512-JwjgmO6i3y6RWtLYmXwO5jMd+maZt8Tnfu7VVISmEWyQqfLpB8soBswf8/2bu6SBXxtKA68Al3c+qIG1ApT68A==}
    dependencies:
      chalk: 4.1.2
      css-select: 4.3.0
      parse5: 6.0.1
      parse5-htmlparser2-tree-adapter: 6.0.1
      postcss: 8.4.21
      pretty-bytes: 5.6.0
    dev: false

  /css-select/4.3.0:
    resolution: {integrity: sha512-wPpOYtnsVontu2mODhA19JrqWxNsfdatRKd64kmpRbQgh1KtItko5sTnEpPdpSaJszTOhEMlF/RPz28qj4HqhQ==}
    dependencies:
      boolbase: 1.0.0
      css-what: 6.1.0
      domhandler: 4.3.1
      domutils: 2.8.0
      nth-check: 2.1.1
    dev: false

  /css-what/6.1.0:
    resolution: {integrity: sha512-HTUrgRJ7r4dsZKU6GjmpfRK1O76h97Z8MfS1G0FozR+oF2kG6Vfe8JE6zwrkbxigziPHinCJ+gCPjA9EaBDtRw==}
    engines: {node: '>= 6'}
    dev: false

  /detect-libc/1.0.3:
    resolution: {integrity: sha512-pGjwhsmsp4kL2RTz08wcOlGN83otlqHeD/Z5T8GXZB+/YcpQ/dgo+lbU8ZsGxV0HIvqqxo9l7mqYwyYMD9bKDg==}
    engines: {node: '>=0.10'}
    hasBin: true
    dev: false

  /dom-serializer/1.4.1:
    resolution: {integrity: sha512-VHwB3KfrcOOkelEG2ZOfxqLZdfkil8PtJi4P8N2MMXucZq2yLp75ClViUlOVwyoHEDjYU433Aq+5zWP61+RGag==}
    dependencies:
      domelementtype: 2.3.0
      domhandler: 4.3.1
      entities: 2.2.0
    dev: false

  /domelementtype/2.3.0:
    resolution: {integrity: sha512-OLETBj6w0OsagBwdXnPdN0cnMfF9opN69co+7ZrbfPGrdpPVNBUj02spi6B1N7wChLQiPn4CSH/zJvXw56gmHw==}
    dev: false

  /domhandler/4.3.1:
    resolution: {integrity: sha512-GrwoxYN+uWlzO8uhUXRl0P+kHE4GtVPfYzVLcUxPL7KNdHKj66vvlhiweIHqYYXWlw+T8iLMp42Lm67ghw4WMQ==}
    engines: {node: '>= 4'}
    dependencies:
      domelementtype: 2.3.0
    dev: false

  /domutils/2.8.0:
    resolution: {integrity: sha512-w96Cjofp72M5IIhpjgobBimYEfoPjx1Vx0BSX9P30WBdZW2WIKU0T1Bd0kz2eNZ9ikjKgHbEyKx8BB6H1L3h3A==}
    dependencies:
      dom-serializer: 1.4.1
      domelementtype: 2.3.0
      domhandler: 4.3.1
    dev: false

  /dot-case/3.0.4:
    resolution: {integrity: sha512-Kv5nKlh6yRrdrGvxeJ2e5y2eRUpkUosIW4A2AS38zwSz27zu7ufDwQPi5Jhs3XAlGNetl3bmnGhQsMtkKJnj3w==}
    dependencies:
      no-case: 3.0.4
      tslib: 2.5.0
    dev: false

  /electron-to-chromium/1.4.305:
    resolution: {integrity: sha512-WETy6tG0CT5gm1O+xCbyapWNsCcmIvrn4NHViIGYo2AT8FV2qUCXdaB+WqYxSv/vS5mFqhBYnfZAAkVArjBmUg==}
    dev: false

  /entities/2.2.0:
    resolution: {integrity: sha512-p92if5Nz619I0w+akJrLZH0MX0Pb5DX39XOwQTtXSdQQOaYH03S1uIQp4mhOZtAXrxq4ViO67YTiLBo2638o9A==}
    dev: false

  /entities/4.4.0:
    resolution: {integrity: sha512-oYp7156SP8LkeGD0GF85ad1X9Ai79WtRsZ2gxJqtBuzH+98YUV6jkHEKlZkMbcrjJjIVJNIDP/3WL9wQkoPbWA==}
    engines: {node: '>=0.12'}

  /esbuild/0.17.10:
    resolution: {integrity: sha512-n7V3v29IuZy5qgxx25TKJrEm0FHghAlS6QweUcyIgh/U0zYmQcvogWROitrTyZId1mHSkuhhuyEXtI9OXioq7A==}
    engines: {node: '>=12'}
    hasBin: true
    requiresBuild: true
    optionalDependencies:
      '@esbuild/android-arm': 0.17.10
      '@esbuild/android-arm64': 0.17.10
      '@esbuild/android-x64': 0.17.10
      '@esbuild/darwin-arm64': 0.17.10
      '@esbuild/darwin-x64': 0.17.10
      '@esbuild/freebsd-arm64': 0.17.10
      '@esbuild/freebsd-x64': 0.17.10
      '@esbuild/linux-arm': 0.17.10
      '@esbuild/linux-arm64': 0.17.10
      '@esbuild/linux-ia32': 0.17.10
      '@esbuild/linux-loong64': 0.17.10
      '@esbuild/linux-mips64el': 0.17.10
      '@esbuild/linux-ppc64': 0.17.10
      '@esbuild/linux-riscv64': 0.17.10
      '@esbuild/linux-s390x': 0.17.10
      '@esbuild/linux-x64': 0.17.10
      '@esbuild/netbsd-x64': 0.17.10
      '@esbuild/openbsd-x64': 0.17.10
      '@esbuild/sunos-x64': 0.17.10
      '@esbuild/win32-arm64': 0.17.10
      '@esbuild/win32-ia32': 0.17.10
      '@esbuild/win32-x64': 0.17.10
    dev: false

  /escalade/3.1.1:
    resolution: {integrity: sha512-k0er2gUkLf8O0zKJiAhmkTnJlTvINGv7ygDNPbeIsX/TJjGJZHuh9B2UxbsaEkmlEo9MfhrSzmhIlhRlI2GXnw==}
    engines: {node: '>=6'}
    dev: false

  /fill-range/7.0.1:
    resolution: {integrity: sha512-qOo9F+dMUmC2Lcb4BbVvnKJxTPjCm+RRpe4gDuGrzkL7mEVl/djYSu2OdQ2Pa302N4oqkSg9ir6jaLWJ2USVpQ==}
    engines: {node: '>=8'}
    dependencies:
      to-regex-range: 5.0.1
    dev: false

  /fs.realpath/1.0.0:
    resolution: {integrity: sha512-OO0pH2lK6a0hZnAdau5ItzHPI6pUlvI7jMVnxUQRtw4owF2wk8lOSabtGDCTP4Ggrg2MbGnWO9X8K1t4+fGMDw==}
    dev: false

  /fsevents/2.3.2:
    resolution: {integrity: sha512-xiqMQR4xAeHTuB9uWm+fFRcIOgKBMiOBP+eXiyT7jsgVCq1bkVygt00oASowB7EdtpOHaaPgKt812P9ab+DDKA==}
    engines: {node: ^8.16.0 || ^10.6.0 || >=11.0.0}
    os: [darwin]
    requiresBuild: true
    dev: false
    optional: true

  /glob-parent/5.1.2:
    resolution: {integrity: sha512-AOIgSQCepiJYwP3ARnGx+5VnTu2HBYdzbGP45eLw1vr3zB3vZLeyed1sC9hnbcOc9/SrMyM5RPQrkGz4aS9Zow==}
    engines: {node: '>= 6'}
    dependencies:
      is-glob: 4.0.3
    dev: false

  /glob/8.1.0:
    resolution: {integrity: sha512-r8hpEjiQEYlF2QU0df3dS+nxxSIreXQS1qRhMJM0Q5NDdR386C7jb7Hwwod8Fgiuex+k0GFjgft18yvxm5XoCQ==}
    engines: {node: '>=12'}
    dependencies:
      fs.realpath: 1.0.0
      inflight: 1.0.6
      inherits: 2.0.4
      minimatch: 5.1.6
      once: 1.4.0
    dev: false

  /has-flag/4.0.0:
    resolution: {integrity: sha512-EykJT/Q1KjTWctppgIAgfSO0tKVuZUjhgMr17kqTumMl6Afv3EISleU7qZUzoXDFTAHTDC4NOoG/ZxU3EvlMPQ==}
    engines: {node: '>=8'}
    dev: false

  /html-minifier-terser/7.1.0:
    resolution: {integrity: sha512-BvPO2S7Ip0Q5qt+Y8j/27Vclj6uHC6av0TMoDn7/bJPhMWHI2UtR2e/zEgJn3/qYAmxumrGp9q4UHurL6mtW9Q==}
    engines: {node: ^14.13.1 || >=16.0.0}
    hasBin: true
    dependencies:
      camel-case: 4.1.2
      clean-css: 5.2.0
      commander: 9.5.0
      entities: 4.4.0
      param-case: 3.0.4
      relateurl: 0.2.7
      terser: 5.16.4
    dev: false

  /inflight/1.0.6:
    resolution: {integrity: sha512-k92I/b08q4wvFscXCLvqfsHCrjrF7yiXsQuIVvVE7N82W3+aqpzuUdBbfhWcy/FZR3/4IgflMgKLOsvPDrGCJA==}
    dependencies:
      once: 1.4.0
      wrappy: 1.0.2
    dev: false

  /inherits/2.0.4:
    resolution: {integrity: sha512-k/vGaX4/Yla3WzyMCvTQOXYeIHvqOKtnqBduzTHpzpQZzAskKMhZ2K+EnBiSM9zGSoIFeMpXKxa4dYeZIQqewQ==}
    dev: false

  /is-binary-path/2.1.0:
    resolution: {integrity: sha512-ZMERYes6pDydyuGidse7OsHxtbI7WVeUEozgR/g7rd0xUimYNlvZRE/K2MgZTjWy725IfelLeVcEM97mmtRGXw==}
    engines: {node: '>=8'}
    dependencies:
      binary-extensions: 2.2.0
    dev: false

  /is-extglob/2.1.1:
    resolution: {integrity: sha512-SbKbANkN603Vi4jEZv49LeVJMn4yGwsbzZworEoyEiutsN3nJYdbO36zfhGJ6QEDpOZIFkDtnq5JRxmvl3jsoQ==}
    engines: {node: '>=0.10.0'}
    dev: false

  /is-glob/4.0.3:
    resolution: {integrity: sha512-xelSayHH36ZgE7ZWhli7pW34hNbNl8Ojv5KVmkJD4hBdD3th8Tfk9vYasLM+mXWOZhFkgZfxhLSnrwRr4elSSg==}
    engines: {node: '>=0.10.0'}
    dependencies:
      is-extglob: 2.1.1
    dev: false

  /is-number/7.0.0:
    resolution: {integrity: sha512-41Cifkg6e8TylSpdtTpeLVMqvSBEVzTttHvERD741+pnZ8ANv0004MRL43QKPDlK9cGvNp6NZWZUBlbGXYxxng==}
    engines: {node: '>=0.12.0'}
    dev: false

  /lightningcss-darwin-arm64/1.19.0:
    resolution: {integrity: sha512-wIJmFtYX0rXHsXHSr4+sC5clwblEMji7HHQ4Ub1/CznVRxtCFha6JIt5JZaNf8vQrfdZnBxLLC6R8pC818jXqg==}
    engines: {node: '>= 12.0.0'}
    cpu: [arm64]
    os: [darwin]
    requiresBuild: true
    dev: false
    optional: true

  /lightningcss-darwin-x64/1.19.0:
    resolution: {integrity: sha512-Lif1wD6P4poaw9c/4Uh2z+gmrWhw/HtXFoeZ3bEsv6Ia4tt8rOJBdkfVaUJ6VXmpKHALve+iTyP2+50xY1wKPw==}
    engines: {node: '>= 12.0.0'}
    cpu: [x64]
    os: [darwin]
    requiresBuild: true
    dev: false
    optional: true

  /lightningcss-linux-arm-gnueabihf/1.19.0:
    resolution: {integrity: sha512-P15VXY5682mTXaiDtbnLYQflc8BYb774j2R84FgDLJTN6Qp0ZjWEFyN1SPqyfTj2B2TFjRHRUvQSSZ7qN4Weig==}
    engines: {node: '>= 12.0.0'}
    cpu: [arm]
    os: [linux]
    requiresBuild: true
    dev: false
    optional: true

  /lightningcss-linux-arm64-gnu/1.19.0:
    resolution: {integrity: sha512-zwXRjWqpev8wqO0sv0M1aM1PpjHz6RVIsBcxKszIG83Befuh4yNysjgHVplF9RTU7eozGe3Ts7r6we1+Qkqsww==}
    engines: {node: '>= 12.0.0'}
    cpu: [arm64]
    os: [linux]
    requiresBuild: true
    dev: false
    optional: true

  /lightningcss-linux-arm64-musl/1.19.0:
    resolution: {integrity: sha512-vSCKO7SDnZaFN9zEloKSZM5/kC5gbzUjoJQ43BvUpyTFUX7ACs/mDfl2Eq6fdz2+uWhUh7vf92c4EaaP4udEtA==}
    engines: {node: '>= 12.0.0'}
    cpu: [arm64]
    os: [linux]
    requiresBuild: true
    dev: false
    optional: true

  /lightningcss-linux-x64-gnu/1.19.0:
    resolution: {integrity: sha512-0AFQKvVzXf9byrXUq9z0anMGLdZJS+XSDqidyijI5njIwj6MdbvX2UZK/c4FfNmeRa2N/8ngTffoIuOUit5eIQ==}
    engines: {node: '>= 12.0.0'}
    cpu: [x64]
    os: [linux]
    requiresBuild: true
    dev: false
    optional: true

  /lightningcss-linux-x64-musl/1.19.0:
    resolution: {integrity: sha512-SJoM8CLPt6ECCgSuWe+g0qo8dqQYVcPiW2s19dxkmSI5+Uu1GIRzyKA0b7QqmEXolA+oSJhQqCmJpzjY4CuZAg==}
    engines: {node: '>= 12.0.0'}
    cpu: [x64]
    os: [linux]
    requiresBuild: true
    dev: false
    optional: true

  /lightningcss-win32-x64-msvc/1.19.0:
    resolution: {integrity: sha512-C+VuUTeSUOAaBZZOPT7Etn/agx/MatzJzGRkeV+zEABmPuntv1zihncsi+AyGmjkkzq3wVedEy7h0/4S84mUtg==}
    engines: {node: '>= 12.0.0'}
    cpu: [x64]
    os: [win32]
    requiresBuild: true
    dev: false
    optional: true

  /lightningcss/1.19.0:
    resolution: {integrity: sha512-yV5UR7og+Og7lQC+70DA7a8ta1uiOPnWPJfxa0wnxylev5qfo4P+4iMpzWAdYWOca4jdNQZii+bDL/l+4hUXIA==}
    engines: {node: '>= 12.0.0'}
    dependencies:
      detect-libc: 1.0.3
    optionalDependencies:
      lightningcss-darwin-arm64: 1.19.0
      lightningcss-darwin-x64: 1.19.0
      lightningcss-linux-arm-gnueabihf: 1.19.0
      lightningcss-linux-arm64-gnu: 1.19.0
      lightningcss-linux-arm64-musl: 1.19.0
      lightningcss-linux-x64-gnu: 1.19.0
      lightningcss-linux-x64-musl: 1.19.0
      lightningcss-win32-x64-msvc: 1.19.0
    dev: false

  /lower-case/2.0.2:
    resolution: {integrity: sha512-7fm3l3NAF9WfN6W3JOmf5drwpVqX78JtoGJ3A6W0a6ZnldM41w2fV5D490psKFTpMds8TJse/eHLFFsNHHjHgg==}
    dependencies:
      tslib: 2.5.0
    dev: false

  /minimatch/5.1.6:
    resolution: {integrity: sha512-lKwV/1brpG6mBUFHtb7NUmtABCb2WZZmm2wNiOA5hAb8VdCS4B3dtMWyvcoViccwAW/COERjXLt0zP1zXUN26g==}
    engines: {node: '>=10'}
    dependencies:
      brace-expansion: 2.0.1
    dev: false

  /nanoid/3.3.4:
    resolution: {integrity: sha512-MqBkQh/OHTS2egovRtLk45wEyNXwF+cokD+1YPf9u5VfJiRdAiRwB2froX5Co9Rh20xs4siNPm8naNotSD6RBw==}
    engines: {node: ^10 || ^12 || ^13.7 || ^14 || >=15.0.1}
    hasBin: true
    dev: false

  /no-case/3.0.4:
    resolution: {integrity: sha512-fgAN3jGAh+RoxUGZHTSOLJIqUc2wmoBwGR4tbpNAKmmovFoWq0OdRkb0VkldReO2a2iBT/OEulG9XSUc10r3zg==}
    dependencies:
      lower-case: 2.0.2
      tslib: 2.5.0
    dev: false

  /node-releases/2.0.10:
    resolution: {integrity: sha512-5GFldHPXVG/YZmFzJvKK2zDSzPKhEp0+ZR5SVaoSag9fsL5YgHbUHDfnG5494ISANDcK4KwPXAx2xqVEydmd7w==}
    dev: false

  /normalize-path/3.0.0:
    resolution: {integrity: sha512-6eZs5Ls3WtCisHWp9S2GUy8dqkpGi4BVSz3GaqiE6ezub0512ESztXUwUB6C6IKbQkY2Pnb/mD4WYojCRwcwLA==}
    engines: {node: '>=0.10.0'}
    dev: false

  /nth-check/2.1.1:
    resolution: {integrity: sha512-lqjrjmaOoAnWfMmBPL+XNnynZh2+swxiX3WUE0s4yEHI6m+AwrK2UZOimIRl3X/4QctVqS8AiZjFqyOGrMXb/w==}
    dependencies:
      boolbase: 1.0.0
    dev: false

  /once/1.4.0:
    resolution: {integrity: sha512-lNaJgI+2Q5URQBkccEKHTQOPaXdUxnZZElQTZY0MFUAuaEqe1E+Nyvgdz/aIyNi6Z9MzO5dv1H8n58/GELp3+w==}
    dependencies:
      wrappy: 1.0.2
    dev: false

  /param-case/3.0.4:
    resolution: {integrity: sha512-RXlj7zCYokReqWpOPH9oYivUzLYZ5vAPIfEmCTNViosC78F8F0H9y7T7gG2M39ymgutxF5gcFEsyZQSph9Bp3A==}
    dependencies:
      dot-case: 3.0.4
      tslib: 2.5.0
    dev: false

  /parse5-htmlparser2-tree-adapter/6.0.1:
    resolution: {integrity: sha512-qPuWvbLgvDGilKc5BoicRovlT4MtYT6JfJyBOMDsKoiT+GiuP5qyrPCnR9HcPECIJJmZh5jRndyNThnhhb/vlA==}
    dependencies:
      parse5: 6.0.1
    dev: false

  /parse5/6.0.1:
    resolution: {integrity: sha512-Ofn/CTFzRGTTxwpNEs9PP93gXShHcTq255nzRYSKe8AkVpZY7e1fpmTfOyoIvjP5HG7Z2ZM7VS9PPhQGW2pOpw==}
    dev: false

  /parse5/7.1.2:
    resolution: {integrity: sha512-Czj1WaSVpaoj0wbhMzLmWD69anp2WH7FXMB9n1Sy8/ZFF9jolSQVMu1Ij5WIyGmcBmhk7EOndpO4mIpihVqAXw==}
    dependencies:
      entities: 4.4.0

  /pascal-case/3.1.2:
    resolution: {integrity: sha512-uWlGT3YSnK9x3BQJaOdcZwrnV6hPpd8jFH1/ucpiLRPh/2zCVJKS19E4GvYHvaCcACn3foXZ0cLB9Wrx1KGe5g==}
    dependencies:
      no-case: 3.0.4
      tslib: 2.5.0
    dev: false

  /picocolors/1.0.0:
    resolution: {integrity: sha512-1fygroTLlHu66zi26VoTDv8yRgm0Fccecssto+MhsZ0D/DGW2sm8E8AjW7NU5VVTRt5GxbeZ5qBuJr+HyLYkjQ==}
    dev: false

  /picomatch/2.3.1:
    resolution: {integrity: sha512-JU3teHTNjmE2VCGFzuY8EXzCDVwEqB2a8fsIvwaStHhAWJEeVd1o1QD80CU6+ZdEXXSLbSsuLwJjkCBWqRQUVA==}
    engines: {node: '>=8.6'}
    dev: false

  /postcss/8.4.21:
    resolution: {integrity: sha512-tP7u/Sn/dVxK2NnruI4H9BG+x+Wxz6oeZ1cJ8P6G/PZY0IKk4k/63TDsQf2kQq3+qoJeLm2kIBUNlZe3zgb4Zg==}
    engines: {node: ^10 || ^12 || >=14}
    dependencies:
      nanoid: 3.3.4
      picocolors: 1.0.0
      source-map-js: 1.0.2
    dev: false

  /prettier/2.8.4:
    resolution: {integrity: sha512-vIS4Rlc2FNh0BySk3Wkd6xmwxB0FpOndW5fisM5H8hsZSxU2VWVB5CWIkIjWvrHjIhxk2g3bfMKM87zNTrZddw==}
    engines: {node: '>=10.13.0'}
    hasBin: true
    dev: true

  /pretty-bytes/5.6.0:
    resolution: {integrity: sha512-FFw039TmrBqFK8ma/7OL3sDz/VytdtJr044/QUJtH0wK9lb9jLq9tJyIxUwtQJHwar2BqtiA4iCWSwo9JLkzFg==}
    engines: {node: '>=6'}
    dev: false

  /readdirp/3.6.0:
    resolution: {integrity: sha512-hOS089on8RduqdbhvQ5Z37A0ESjsqz6qnRcffsMU3495FuTdqSm+7bhJ29JvIOsBDEEnan5DPu9t3To9VRlMzA==}
    engines: {node: '>=8.10.0'}
    dependencies:
      picomatch: 2.3.1
    dev: false

  /relateurl/0.2.7:
    resolution: {integrity: sha512-G08Dxvm4iDN3MLM0EsP62EDV9IuhXPR6blNz6Utcp7zyV3tr4HVNINt6MpaRWbxoOHT3Q7YN2P+jaHX8vUbgog==}
    engines: {node: '>= 0.10'}
    dev: false

  /source-map-js/1.0.2:
    resolution: {integrity: sha512-R0XvVJ9WusLiqTCEiGCmICCMplcCkIwwR11mOSD9CR5u+IXYdiseeEuXCVAjS54zqwkLcPNnmU4OeJ6tUrWhDw==}
    engines: {node: '>=0.10.0'}
    dev: false

  /source-map-support/0.5.21:
    resolution: {integrity: sha512-uBHU3L3czsIyYXKX88fdrGovxdSCoTGDRZ6SYXtSRxLZUzHg5P/66Ht6uoUlHu9EZod+inXhKo3qQgwXUT/y1w==}
    dependencies:
      buffer-from: 1.1.2
      source-map: 0.6.1
    dev: false

  /source-map/0.6.1:
    resolution: {integrity: sha512-UjgapumWlbMhkBgzT7Ykc5YXUT46F0iKu8SGXq0bcwP5dz/h0Plj6enJqjz1Zbq2l5WaqYnrVbwWOWMyF3F47g==}
    engines: {node: '>=0.10.0'}
    dev: false

  /supports-color/7.2.0:
    resolution: {integrity: sha512-qpCAvRl9stuOHveKsn7HncJRvv501qIacKzQlO/+Lwxc9+0q2wLyv4Dfvt80/DPn2pqOBsJdDiogXGR9+OvwRw==}
    engines: {node: '>=8'}
    dependencies:
      has-flag: 4.0.0
    dev: false

  /terser/5.16.4:
    resolution: {integrity: sha512-5yEGuZ3DZradbogeYQ1NaGz7rXVBDWujWlx1PT8efXO6Txn+eWbfKqB2bTDVmFXmePFkoLU6XI8UektMIEA0ug==}
    engines: {node: '>=10'}
    hasBin: true
    dependencies:
      '@jridgewell/source-map': 0.3.2
      acorn: 8.8.2
      commander: 2.20.3
      source-map-support: 0.5.21
    dev: false

  /to-regex-range/5.0.1:
    resolution: {integrity: sha512-65P7iz6X5yEr1cwcgvQxbbIw7Uk3gOy5dIdtZ4rDveLqhrdJP+Li/Hx6tyK0NEb+2GCyneCMJiGqrADCSNk8sQ==}
    engines: {node: '>=8.0'}
    dependencies:
      is-number: 7.0.0
    dev: false

  /tslib/2.5.0:
    resolution: {integrity: sha512-336iVw3rtn2BUK7ORdIAHTyxHGRIHVReokCR3XjbckJMK7ms8FysBfhLR8IXnAgy7T0PTPNBWKiH514FOW/WSg==}
    dev: false

  /typescript/4.9.5:
    resolution: {integrity: sha512-1FXk9E2Hm+QzZQ7z+McJiHL4NW1F2EzMu9Nq9i3zAaGqibafqYwCVU6WyWAuyQRRzOlxou8xZSyXLEN8oKj24g==}
    engines: {node: '>=4.2.0'}
    hasBin: true
    dev: true

  /update-browserslist-db/1.0.10_browserslist@4.21.5:
    resolution: {integrity: sha512-OztqDenkfFkbSG+tRxBeAnCVPckDBcvibKd35yDONx6OU8N7sqgwc7rCbkJ/WcYtVRZ4ba68d6byhC21GFh7sQ==}
    hasBin: true
    peerDependencies:
      browserslist: '>= 4.21.0'
    dependencies:
      browserslist: 4.21.5
      escalade: 3.1.1
      picocolors: 1.0.0
    dev: false

  /wrappy/1.0.2:
    resolution: {integrity: sha512-l4Sp/DRseor9wL6EvV2+TuQn63dMkPjZ/sp9XkghTEbV9KlPS1xUsZ3u7/IQO4wxtcFB4bgpQPRcR3QCvezPcQ==}
    dev: false
